
Microsoft Visual Studio Solution File, Format Version 12.00
# Visual Studio 15
VisualStudioVersion = 15.0.28307.705
MinimumVisualStudioVersion = 10.0.40219.1
Project("{FAE04EC0-301F-11D3-BF4B-00C04F79EFBC}") = "CorreoMVC", "CorreoMVC\CorreoMVC.csproj", "{9685C15F-3613-4011-93E7-EAFE5F9C0329}"
EndProject
Global
	GlobalSection(SolutionConfigurationPlatforms) = preSolution
		Debug|Any CPU = Debug|Any CPU
		Release|Any CPU = Release|Any CPU
	EndGlobalSection
	GlobalSection(ProjectConfigurationPlatforms) = postSolution
		{9685C15F-3613-4011-93E7-EAFE5F9C0329}.Debug|Any CPU.ActiveCfg = Debug|Any CPU
		{9685C15F-3613-4011-93E7-EAFE5F9C0329}.Debug|Any CPU.Build.0 = Debug|Any CPU
		{9685C15F-3613-4011-93E7-EAFE5F9C0329}.Release|Any CPU.ActiveCfg = Release|Any CPU
		{9685C15F-3613-4011-93E7-EAFE5F9C0329}.Release|Any CPU.Build.0 = Release|Any CPU
	EndGlobalSection
	GlobalSection(SolutionProperties) = preSolution
		HideSolutionNode = FALSE
	EndGlobalSection
	GlobalSection(ExtensibilityGlobals) = postSolution
		SolutionGuid = {9D54E5A6-9594-4EEC-B3C7-B9090935BAFE}
	EndGlobalSection
EndGlobal
